
Microsoft Visual Studio Solution File, Format Version 12.00
# Visual Studio Version 18
VisualStudioVersion = 18.2.11430.68
MinimumVisualStudioVersion = 10.0.40219.1
Project("{FAE04EC0-301F-11D3-BF4B-00C04F79EFBC}") = "DragonBot", "DragonBot.csproj", "{7AA02320-4F24-4425-9323-AA30D8714383}"
EndProject
Project("{FAE04EC0-301F-11D3-BF4B-00C04F79EFBC}") = "DragonBot.CoreModules", "DragonBot.CoreModules\DragonBot.CoreModules.csproj", "{363E2B4B-87D8-4BA0-9C01-4319DBD76997}"
EndProject
Global
	GlobalSection(SolutionConfigurationPlatforms) = preSolution
		Debug|Any CPU = Debug|Any CPU
		Release|Any CPU = Release|Any CPU
	EndGlobalSection
	GlobalSection(ProjectConfigurationPlatforms) = postSolution
		{7AA02320-4F24-4425-9323-AA30D8714383}.Debug|Any CPU.ActiveCfg = Debug|Any CPU
		{7AA02320-4F24-4425-9323-AA30D8714383}.Debug|Any CPU.Build.0 = Debug|Any CPU
		{7AA02320-4F24-4425-9323-AA30D8714383}.Release|Any CPU.ActiveCfg = Release|Any CPU
		{7AA02320-4F24-4425-9323-AA30D8714383}.Release|Any CPU.Build.0 = Release|Any CPU
		{363E2B4B-87D8-4BA0-9C01-4319DBD76997}.Debug|Any CPU.ActiveCfg = Debug|Any CPU
		{363E2B4B-87D8-4BA0-9C01-4319DBD76997}.Debug|Any CPU.Build.0 = Debug|Any CPU
		{363E2B4B-87D8-4BA0-9C01-4319DBD76997}.Release|Any CPU.ActiveCfg = Release|Any CPU
		{363E2B4B-87D8-4BA0-9C01-4319DBD76997}.Release|Any CPU.Build.0 = Release|Any CPU
	EndGlobalSection
	GlobalSection(SolutionProperties) = preSolution
		HideSolutionNode = FALSE
	EndGlobalSection
	GlobalSection(ExtensibilityGlobals) = postSolution
		SolutionGuid = {3DB10931-C108-4591-8321-9C237E76DCF6}
	EndGlobalSection
EndGlobal
